
Microsoft Visual Studio Solution File, Format Version 12.00
# Visual Studio 14
VisualStudioVersion = 14.0.25420.1
MinimumVisualStudioVersion = 10.0.40219.1
Project("{FAE04EC0-301F-11D3-BF4B-00C04F79EFBC}") = "AzureStorageDemo", "AzureStorageDemo\AzureStorageDemo.csproj", "{046A8625-2A19-4058-8D02-7C8B0BB8154C}"
EndProject
Project("{FAE04EC0-301F-11D3-BF4B-00C04F79EFBC}") = "AzureStorageDemo.Common", "AzureStorageDemo.Common\AzureStorageDemo.Common.csproj", "{BC22B2BA-04DD-4D34-AF13-F0900D7418A7}"
EndProject
Project("{FAE04EC0-301F-11D3-BF4B-00C04F79EFBC}") = "AzureStorageDemo.Blob", "AzureStorageDemo.Blob\AzureStorageDemo.Blob.csproj", "{BEC125AA-69D3-4CE1-8445-CF04B440B0D8}"
EndProject
Project("{FAE04EC0-301F-11D3-BF4B-00C04F79EFBC}") = "AzureStorageDemo.Queue", "AzureStorageDemo.Queue\AzureStorageDemo.Queue.csproj", "{D54217A0-B755-46F6-98E6-6A4E3F6F9171}"
EndProject
Project("{FAE04EC0-301F-11D3-BF4B-00C04F79EFBC}") = "AzureStorageDemo.Tables", "AzureStorageDemo.Tables\AzureStorageDemo.Tables.csproj", "{F74D16FA-9A49-4538-9283-72FE5384D43C}"
EndProject
Global
	GlobalSection(SolutionConfigurationPlatforms) = preSolution
		Debug|Any CPU = Debug|Any CPU
		Release|Any CPU = Release|Any CPU
	EndGlobalSection
	GlobalSection(ProjectConfigurationPlatforms) = postSolution
		{046A8625-2A19-4058-8D02-7C8B0BB8154C}.Debug|Any CPU.ActiveCfg = Debug|Any CPU
		{046A8625-2A19-4058-8D02-7C8B0BB8154C}.Debug|Any CPU.Build.0 = Debug|Any CPU
		{046A8625-2A19-4058-8D02-7C8B0BB8154C}.Release|Any CPU.ActiveCfg = Release|Any CPU
		{046A8625-2A19-4058-8D02-7C8B0BB8154C}.Release|Any CPU.Build.0 = Release|Any CPU
		{BC22B2BA-04DD-4D34-AF13-F0900D7418A7}.Debug|Any CPU.ActiveCfg = Debug|Any CPU
		{BC22B2BA-04DD-4D34-AF13-F0900D7418A7}.Debug|Any CPU.Build.0 = Debug|Any CPU
		{BC22B2BA-04DD-4D34-AF13-F0900D7418A7}.Release|Any CPU.ActiveCfg = Release|Any CPU
		{BC22B2BA-04DD-4D34-AF13-F0900D7418A7}.Release|Any CPU.Build.0 = Release|Any CPU
		{BEC125AA-69D3-4CE1-8445-CF04B440B0D8}.Debug|Any CPU.ActiveCfg = Debug|Any CPU
		{BEC125AA-69D3-4CE1-8445-CF04B440B0D8}.Debug|Any CPU.Build.0 = Debug|Any CPU
		{BEC125AA-69D3-4CE1-8445-CF04B440B0D8}.Release|Any CPU.ActiveCfg = Release|Any CPU
		{BEC125AA-69D3-4CE1-8445-CF04B440B0D8}.Release|Any CPU.Build.0 = Release|Any CPU
		{D54217A0-B755-46F6-98E6-6A4E3F6F9171}.Debug|Any CPU.ActiveCfg = Debug|Any CPU
		{D54217A0-B755-46F6-98E6-6A4E3F6F9171}.Debug|Any CPU.Build.0 = Debug|Any CPU
		{D54217A0-B755-46F6-98E6-6A4E3F6F9171}.Release|Any CPU.ActiveCfg = Release|Any CPU
		{D54217A0-B755-46F6-98E6-6A4E3F6F9171}.Release|Any CPU.Build.0 = Release|Any CPU
		{F74D16FA-9A49-4538-9283-72FE5384D43C}.Debug|Any CPU.ActiveCfg = Debug|Any CPU
		{F74D16FA-9A49-4538-9283-72FE5384D43C}.Debug|Any CPU.Build.0 = Debug|Any CPU
		{F74D16FA-9A49-4538-9283-72FE5384D43C}.Release|Any CPU.ActiveCfg = Release|Any CPU
		{F74D16FA-9A49-4538-9283-72FE5384D43C}.Release|Any CPU.Build.0 = Release|Any CPU
	EndGlobalSection
	GlobalSection(SolutionProperties) = preSolution
		HideSolutionNode = FALSE
	EndGlobalSection
EndGlobal
